
Microsoft Visual Studio Solution File, Format Version 12.00
# Visual Studio 15
VisualStudioVersion = 15.0.28307.1082
MinimumVisualStudioVersion = 10.0.40219.1
Project("{F184B08F-C81C-45F6-A57F-5ABD9991F28F}") = "MaddStress", "MaddStress\MaddStress.vbproj", "{EF8D6E20-F617-4420-B6D9-C7F4CA2A5773}"
EndProject
Global
	GlobalSection(SolutionConfigurationPlatforms) = preSolution
		Debug|Any CPU = Debug|Any CPU
		Release|Any CPU = Release|Any CPU
	EndGlobalSection
	GlobalSection(ProjectConfigurationPlatforms) = postSolution
		{EF8D6E20-F617-4420-B6D9-C7F4CA2A5773}.Debug|Any CPU.ActiveCfg = Debug|Any CPU
		{EF8D6E20-F617-4420-B6D9-C7F4CA2A5773}.Debug|Any CPU.Build.0 = Debug|Any CPU
		{EF8D6E20-F617-4420-B6D9-C7F4CA2A5773}.Release|Any CPU.ActiveCfg = Release|Any CPU
		{EF8D6E20-F617-4420-B6D9-C7F4CA2A5773}.Release|Any CPU.Build.0 = Release|Any CPU
	EndGlobalSection
	GlobalSection(SolutionProperties) = preSolution
		HideSolutionNode = FALSE
	EndGlobalSection
	GlobalSection(ExtensibilityGlobals) = postSolution
		SolutionGuid = {3478A066-2F1D-4470-B4EF-A2E3E1FEAC6F}
	EndGlobalSection
EndGlobal
